{
  "name": "tt-relay-rift",
  "version": "2.6.0-zero-dependency-alpha",
  "lockfileVersion": 3,
  "requires": true,
  "packages": {
    "": {
      "name": "tt-relay-rift",
      "version": "2.6.0-zero-dependency-alpha",
      "license": "MIT",
      "engines": {
        "node": ">=18"
      }
    }
  }
}
